{
  "nodes": {
    "nixpkgs": {
      "locked": {
        "lastModified": 1769789167,
        "narHash": "sha256-kKB3bqYJU5nzYeIROI82Ef9VtTbu4uA3YydSk/Bioa8=",
        "owner": "NixOS",
        "repo": "nixpkgs",
        "rev": "62c8382960464ceb98ea593cb8321a2cf8f9e3e5",
        "type": "github"
      },
      "original": {
        "owner": "NixOS",
        "ref": "nixos-unstable",
        "repo": "nixpkgs",
        "type": "github"
      }
    },
    "root": {
      "inputs": {
        "nixpkgs": "nixpkgs"
      }
    }
  },
  "root": "root",
  "version": 7
}
