[38;2;248;248;242mgolang.org/x/mod[0m[38;2;248;248;242m [0m[38;2;230;219;116mv0.28.0[0m[38;2;248;248;242m [0m[38;2;166;226;46mh1[0m[38;2;248;248;242m:[0m[38;2;190;132;255mgQBtGhjxykdjY9YhZpSlZIsbnaE2+PgjfLWUQTnoZ1U=[0m
[38;2;248;248;242mgolang.org/x/mod[0m[38;2;248;248;242m [0m[38;2;230;219;116mv0.28.0[0m[38;2;248;248;242m/[0m[38;2;248;248;242mgo.mod[0m[38;2;248;248;242m [0m[38;2;166;226;46mh1[0m[38;2;248;248;242m:[0m[38;2;190;132;255myfB/L0NOf/kmEbXjzCPOx1iK1fRutOydrCMsqRhEBxI=[0m
[38;2;248;248;242mgolang.org/x/sync[0m[38;2;248;248;242m [0m[38;2;230;219;116mv0.17.0[0m[38;2;248;248;242m [0m[38;2;166;226;46mh1[0m[38;2;248;248;242m:[0m[38;2;190;132;255ml60nONMj9l5drqw6jlhIELNv9I0A4OFgRsG9k2oT9Ug=[0m
[38;2;248;248;242mgolang.org/x/sync[0m[38;2;248;248;242m [0m[38;2;230;219;116mv0.17.0[0m[38;2;248;248;242m/[0m[38;2;248;248;242mgo.mod[0m[38;2;248;248;242m [0m[38;2;166;226;46mh1[0m[38;2;248;248;242m:[0m[38;2;190;132;255m9KTHXmSnoGruLpwFjVSX0lNNA75CykiMECbovNTZqGI=[0m
[38;2;248;248;242mgolang.org/x/tools[0m[38;2;248;248;242m [0m[38;2;230;219;116mv0.37.0[0m[38;2;248;248;242m [0m[38;2;166;226;46mh1[0m[38;2;248;248;242m:[0m[38;2;190;132;255mDVSRzp7FwePZW356yEAChSdNcQo6Nsp+fex1SUW09lE=[0m
[38;2;248;248;242mgolang.org/x/tools[0m[38;2;248;248;242m [0m[38;2;230;219;116mv0.37.0[0m[38;2;248;248;242m/[0m[38;2;248;248;242mgo.mod[0m[38;2;248;248;242m [0m[38;2;166;226;46mh1[0m[38;2;248;248;242m:[0m[38;2;190;132;255mMBN5QPQtLMHVdvsbtarmTNukZDdgwdwlO5qGacAzF0w=[0m
